
Microsoft Visual Studio Solution File, Format Version 12.00
# Visual Studio Version 16
VisualStudioVersion = 16.0.30104.148
MinimumVisualStudioVersion = 10.0.40219.1
Project("{9A19103F-16F7-4668-BE54-9A1E7A4F7556}") = "cw3", "cw3.csproj", "{519FED12-AF61-48AC-9EA2-CDF6CD9BB3A9}"
EndProject
Global
	GlobalSection(SolutionConfigurationPlatforms) = preSolution
		Debug|Any CPU = Debug|Any CPU
		Release|Any CPU = Release|Any CPU
	EndGlobalSection
	GlobalSection(ProjectConfigurationPlatforms) = postSolution
		{519FED12-AF61-48AC-9EA2-CDF6CD9BB3A9}.Debug|Any CPU.ActiveCfg = Debug|Any CPU
		{519FED12-AF61-48AC-9EA2-CDF6CD9BB3A9}.Debug|Any CPU.Build.0 = Debug|Any CPU
		{519FED12-AF61-48AC-9EA2-CDF6CD9BB3A9}.Release|Any CPU.ActiveCfg = Release|Any CPU
		{519FED12-AF61-48AC-9EA2-CDF6CD9BB3A9}.Release|Any CPU.Build.0 = Release|Any CPU
	EndGlobalSection
	GlobalSection(SolutionProperties) = preSolution
		HideSolutionNode = FALSE
	EndGlobalSection
	GlobalSection(ExtensibilityGlobals) = postSolution
		SolutionGuid = {F9BC8005-E1F9-4C03-A190-2ED16226FAEA}
	EndGlobalSection
EndGlobal
